// !$*UTF8*$!
{
	archiveVersion = 1;
	classes = {
	};
	objectVersion = 56;
	objects = {

/* Begin PBXBuildFile section */
		4154F75E29F5C25F002167A1 /* ApiManager.swift in Sources */ = {isa = PBXBuildFile; fileRef = 4154F75D29F5C25F002167A1 /* ApiManager.swift */; };
		4154F76029F5C598002167A1 /* Breed.swift in Sources */ = {isa = PBXBuildFile; fileRef = 4154F75F29F5C598002167A1 /* Breed.swift */; };
		4154F76229F5C712002167A1 /* BreedImage.swift in Sources */ = {isa = PBXBuildFile; fileRef = 4154F76129F5C712002167A1 /* BreedImage.swift */; };
		4154F76529F5CA01002167A1 /* ApiError.swift in Sources */ = {isa = PBXBuildFile; fileRef = 4154F76429F5CA01002167A1 /* ApiError.swift */; };
		4154F76729F5E7C6002167A1 /* HomeViewModel.swift in Sources */ = {isa = PBXBuildFile; fileRef = 4154F76629F5E7C6002167A1 /* HomeViewModel.swift */; };
		4154F76929F5F3E9002167A1 /* BreedsListView.swift in Sources */ = {isa = PBXBuildFile; fileRef = 4154F76829F5F3E9002167A1 /* BreedsListView.swift */; };
		4154F76D29F5F411002167A1 /* ErrorView.swift in Sources */ = {isa = PBXBuildFile; fileRef = 4154F76C29F5F411002167A1 /* ErrorView.swift */; };
		4154F76F29F610AB002167A1 /* BreedRow.swift in Sources */ = {isa = PBXBuildFile; fileRef = 4154F76E29F610AB002167A1 /* BreedRow.swift */; };
		4154F77129F62982002167A1 /* BreedDetail.swift in Sources */ = {isa = PBXBuildFile; fileRef = 4154F77029F62982002167A1 /* BreedDetail.swift */; };
		41778CA929F4BF3F00088E14 /* CatAppApp.swift in Sources */ = {isa = PBXBuildFile; fileRef = 41778CA829F4BF3F00088E14 /* CatAppApp.swift */; };
		41778CAB29F4BF3F00088E14 /* HomeView.swift in Sources */ = {isa = PBXBuildFile; fileRef = 41778CAA29F4BF3F00088E14 /* HomeView.swift */; };
		41778CAD29F4BF4000088E14 /* Assets.xcassets in Resources */ = {isa = PBXBuildFile; fileRef = 41778CAC29F4BF4000088E14 /* Assets.xcassets */; };
		41778CB029F4BF4000088E14 /* Preview Assets.xcassets in Resources */ = {isa = PBXBuildFile; fileRef = 41778CAF29F4BF4000088E14 /* Preview Assets.xcassets */; };
/* End PBXBuildFile section */

/* Begin PBXFileReference section */
		4154F75D29F5C25F002167A1 /* ApiManager.swift */ = {isa = PBXFileReference; lastKnownFileType = sourcecode.swift; path = ApiManager.swift; sourceTree = "<group>"; };
		4154F75F29F5C598002167A1 /* Breed.swift */ = {isa = PBXFileReference; lastKnownFileType = sourcecode.swift; path = Breed.swift; sourceTree = "<group>"; };
		4154F76129F5C712002167A1 /* BreedImage.swift */ = {isa = PBXFileReference; lastKnownFileType = sourcecode.swift; path = BreedImage.swift; sourceTree = "<group>"; };
		4154F76429F5CA01002167A1 /* ApiError.swift */ = {isa = PBXFileReference; lastKnownFileType = sourcecode.swift; path = ApiError.swift; sourceTree = "<group>"; };
		4154F76629F5E7C6002167A1 /* HomeViewModel.swift */ = {isa = PBXFileReference; lastKnownFileType = sourcecode.swift; path = HomeViewModel.swift; sourceTree = "<group>"; };
		4154F76829F5F3E9002167A1 /* BreedsListView.swift */ = {isa = PBXFileReference; lastKnownFileType = sourcecode.swift; path = BreedsListView.swift; sourceTree = "<group>"; };
		4154F76C29F5F411002167A1 /* ErrorView.swift */ = {isa = PBXFileReference; lastKnownFileType = sourcecode.swift; path = ErrorView.swift; sourceTree = "<group>"; };
		4154F76E29F610AB002167A1 /* BreedRow.swift */ = {isa = PBXFileReference; lastKnownFileType = sourcecode.swift; path = BreedRow.swift; sourceTree = "<group>"; };
		4154F77029F62982002167A1 /* BreedDetail.swift */ = {isa = PBXFileReference; lastKnownFileType = sourcecode.swift; path = BreedDetail.swift; sourceTree = "<group>"; };
		41778CA529F4BF3F00088E14 /* CatApp.app */ = {isa = PBXFileReference; explicitFileType = wrapper.application; includeInIndex = 0; path = CatApp.app; sourceTree = BUILT_PRODUCTS_DIR; };
		41778CA829F4BF3F00088E14 /* CatAppApp.swift */ = {isa = PBXFileReference; lastKnownFileType = sourcecode.swift; path = CatAppApp.swift; sourceTree = "<group>"; };
		41778CAA29F4BF3F00088E14 /* HomeView.swift */ = {isa = PBXFileReference; lastKnownFileType = sourcecode.swift; path = HomeView.swift; sourceTree = "<group>"; };
		41778CAC29F4BF4000088E14 /* Assets.xcassets */ = {isa = PBXFileReference; lastKnownFileType = folder.assetcatalog; path = Assets.xcassets; sourceTree = "<group>"; };
		41778CAF29F4BF4000088E14 /* Preview Assets.xcassets */ = {isa = PBXFileReference; lastKnownFileType = folder.assetcatalog; path = "Preview Assets.xcassets"; sourceTree = "<group>"; };
/* End PBXFileReference section */

/* Begin PBXFrameworksBuildPhase section */
		41778CA229F4BF3F00088E14 /* Frameworks */ = {
			isa = PBXFrameworksBuildPhase;
			buildActionMask = 2147483647;
			files = (
			);
			runOnlyForDeploymentPostprocessing = 0;
		};
/* End PBXFrameworksBuildPhase section */

/* Begin PBXGroup section */
		4154F75929F5B88B002167A1 /* Networking */ = {
			isa = PBXGroup;
			children = (
				4154F75D29F5C25F002167A1 /* ApiManager.swift */,
			);
			path = Networking;
			sourceTree = "<group>";
		};
		4154F75A29F5B894002167A1 /* Model */ = {
			isa = PBXGroup;
			children = (
				4154F75F29F5C598002167A1 /* Breed.swift */,
				4154F76129F5C712002167A1 /* BreedImage.swift */,
			);
			path = Model;
			sourceTree = "<group>";
		};
		4154F75B29F5B89D002167A1 /* ViewModel */ = {
			isa = PBXGroup;
			children = (
				4154F76629F5E7C6002167A1 /* HomeViewModel.swift */,
			);
			path = ViewModel;
			sourceTree = "<group>";
		};
		4154F75C29F5B8BC002167A1 /* View */ = {
			isa = PBXGroup;
			children = (
				4154F76829F5F3E9002167A1 /* BreedsListView.swift */,
				4154F76C29F5F411002167A1 /* ErrorView.swift */,
				4154F76E29F610AB002167A1 /* BreedRow.swift */,
				4154F77029F62982002167A1 /* BreedDetail.swift */,
			);
			path = View;
			sourceTree = "<group>";
		};
		4154F76329F5C9EF002167A1 /* Utilities */ = {
			isa = PBXGroup;
			children = (
				4154F76429F5CA01002167A1 /* ApiError.swift */,
			);
			path = Utilities;
			sourceTree = "<group>";
		};
		41778C9C29F4BF3F00088E14 = {
			isa = PBXGroup;
			children = (
				41778CA729F4BF3F00088E14 /* CatApp */,
				41778CA629F4BF3F00088E14 /* Products */,
			);
			sourceTree = "<group>";
		};
		41778CA629F4BF3F00088E14 /* Products */ = {
			isa = PBXGroup;
			children = (
				41778CA529F4BF3F00088E14 /* CatApp.app */,
			);
			name = Products;
			sourceTree = "<group>";
		};
		41778CA729F4BF3F00088E14 /* CatApp */ = {
			isa = PBXGroup;
			children = (
				4154F76329F5C9EF002167A1 /* Utilities */,
				4154F75C29F5B8BC002167A1 /* View */,
				4154F75B29F5B89D002167A1 /* ViewModel */,
				4154F75A29F5B894002167A1 /* Model */,
				4154F75929F5B88B002167A1 /* Networking */,
				41778CA829F4BF3F00088E14 /* CatAppApp.swift */,
				41778CAA29F4BF3F00088E14 /* HomeView.swift */,
				41778CAC29F4BF4000088E14 /* Assets.xcassets */,
				41778CAE29F4BF4000088E14 /* Preview Content */,
			);
			path = CatApp;
			sourceTree = "<group>";
		};
		41778CAE29F4BF4000088E14 /* Preview Content */ = {
			isa = PBXGroup;
			children = (
				41778CAF29F4BF4000088E14 /* Preview Assets.xcassets */,
			);
			path = "Preview Content";
			sourceTree = "<group>";
		};
/* End PBXGroup section */

/* Begin PBXNativeTarget section */
		41778CA429F4BF3F00088E14 /* CatApp */ = {
			isa = PBXNativeTarget;
			buildConfigurationList = 41778CB329F4BF4000088E14 /* Build configuration list for PBXNativeTarget "CatApp" */;
			buildPhases = (
				41778CA129F4BF3F00088E14 /* Sources */,
				41778CA229F4BF3F00088E14 /* Frameworks */,
				41778CA329F4BF3F00088E14 /* Resources */,
			);
			buildRules = (
			);
			dependencies = (
			);
			name = CatApp;
			productName = CatApp;
			productReference = 41778CA529F4BF3F00088E14 /* CatApp.app */;
			productType = "com.apple.product-type.application";
		};
/* End PBXNativeTarget section */

/* Begin PBXProject section */
		41778C9D29F4BF3F00088E14 /* Project object */ = {
			isa = PBXProject;
			attributes = {
				BuildIndependentTargetsInParallel = 1;
				LastSwiftUpdateCheck = 1400;
				LastUpgradeCheck = 1400;
				TargetAttributes = {
					41778CA429F4BF3F00088E14 = {
						CreatedOnToolsVersion = 14.0.1;
					};
				};
			};
			buildConfigurationList = 41778CA029F4BF3F00088E14 /* Build configuration list for PBXProject "CatApp" */;
			compatibilityVersion = "Xcode 14.0";
			developmentRegion = en;
			hasScannedForEncodings = 0;
			knownRegions = (
				en,
				Base,
			);
			mainGroup = 41778C9C29F4BF3F00088E14;
			productRefGroup = 41778CA629F4BF3F00088E14 /* Products */;
			projectDirPath = "";
			projectRoot = "";
			targets = (
				41778CA429F4BF3F00088E14 /* CatApp */,
			);
		};
/* End PBXProject section */

/* Begin PBXResourcesBuildPhase section */
		41778CA329F4BF3F00088E14 /* Resources */ = {
			isa = PBXResourcesBuildPhase;
			buildActionMask = 2147483647;
			files = (
				41778CB029F4BF4000088E14 /* Preview Assets.xcassets in Resources */,
				41778CAD29F4BF4000088E14 /* Assets.xcassets in Resources */,
			);
			runOnlyForDeploymentPostprocessing = 0;
		};
/* End PBXResourcesBuildPhase section */

/* Begin PBXSourcesBuildPhase section */
		41778CA129F4BF3F00088E14 /* Sources */ = {
			isa = PBXSourcesBuildPhase;
			buildActionMask = 2147483647;
			files = (
				4154F76029F5C598002167A1 /* Breed.swift in Sources */,
				41778CAB29F4BF3F00088E14 /* HomeView.swift in Sources */,
				4154F76729F5E7C6002167A1 /* HomeViewModel.swift in Sources */,
				4154F76F29F610AB002167A1 /* BreedRow.swift in Sources */,
				4154F76929F5F3E9002167A1 /* BreedsListView.swift in Sources */,
				4154F75E29F5C25F002167A1 /* ApiManager.swift in Sources */,
				4154F76D29F5F411002167A1 /* ErrorView.swift in Sources */,
				4154F77129F62982002167A1 /* BreedDetail.swift in Sources */,
				4154F76229F5C712002167A1 /* BreedImage.swift in Sources */,
				41778CA929F4BF3F00088E14 /* CatAppApp.swift in Sources */,
				4154F76529F5CA01002167A1 /* ApiError.swift in Sources */,
			);
			runOnlyForDeploymentPostprocessing = 0;
		};
/* End PBXSourcesBuildPhase section */

/* Begin XCBuildConfiguration section */
		41778CB129F4BF4000088E14 /* Debug */ = {
			isa = XCBuildConfiguration;
			buildSettings = {
				ALWAYS_SEARCH_USER_PATHS = NO;
				CLANG_ANALYZER_NONNULL = YES;
				CLANG_ANALYZER_NUMBER_OBJECT_CONVERSION = YES_AGGRESSIVE;
				CLANG_CXX_LANGUAGE_STANDARD = "gnu++20";
				CLANG_ENABLE_MODULES = YES;
				CLANG_ENABLE_OBJC_ARC = YES;
				CLANG_ENABLE_OBJC_WEAK = YES;
				CLANG_WARN_BLOCK_CAPTURE_AUTORELEASING = YES;
				CLANG_WARN_BOOL_CONVERSION = YES;
				CLANG_WARN_COMMA = YES;
				CLANG_WARN_CONSTANT_CONVERSION = YES;
				CLANG_WARN_DEPRECATED_OBJC_IMPLEMENTATIONS = YES;
				CLANG_WARN_DIRECT_OBJC_ISA_USAGE = YES_ERROR;
				CLANG_WARN_DOCUMENTATION_COMMENTS = YES;
				CLANG_WARN_EMPTY_BODY = YES;
				CLANG_WARN_ENUM_CONVERSION = YES;
				CLANG_WARN_INFINITE_RECURSION = YES;
				CLANG_WARN_INT_CONVERSION = YES;
				CLANG_WARN_NON_LITERAL_NULL_CONVERSION = YES;
				CLANG_WARN_OBJC_IMPLICIT_RETAIN_SELF = YES;
				CLANG_WARN_OBJC_LITERAL_CONVERSION = YES;
				CLANG_WARN_OBJC_ROOT_CLASS = YES_ERROR;
				CLANG_WARN_QUOTED_INCLUDE_IN_FRAMEWORK_HEADER = YES;
				CLANG_WARN_RANGE_LOOP_ANALYSIS = YES;
				CLANG_WARN_STRICT_PROTOTYPES = YES;
				CLANG_WARN_SUSPICIOUS_MOVE = YES;
				CLANG_WARN_UNGUARDED_AVAILABILITY = YES_AGGRESSIVE;
				CLANG_WARN_UNREACHABLE_CODE = YES;
				CLANG_WARN__DUPLICATE_METHOD_MATCH = YES;
				COPY_PHASE_STRIP = NO;
				DEBUG_INFORMATION_FORMAT = dwarf;
				ENABLE_STRICT_OBJC_MSGSEND = YES;
				ENABLE_TESTABILITY = YES;
				GCC_C_LANGUAGE_STANDARD = gnu11;
				GCC_DYNAMIC_NO_PIC = NO;
				GCC_NO_COMMON_BLOCKS = YES;
				GCC_OPTIMIZATION_LEVEL = 0;
				GCC_PREPROCESSOR_DEFINITIONS = (
					"DEBUG=1",
					"$(inherited)",
				);
				GCC_WARN_64_TO_32_BIT_CONVERSION = YES;
				GCC_WARN_ABOUT_RETURN_TYPE = YES_ERROR;
				GCC_WARN_UNDECLARED_SELECTOR = YES;
				GCC_WARN_UNINITIALIZED_AUTOS = YES_AGGRESSIVE;
				GCC_WARN_UNUSED_FUNCTION = YES;
				GCC_WARN_UNUSED_VARIABLE = YES;
				IPHONEOS_DEPLOYMENT_TARGET = 16.0;
				MTL_ENABLE_DEBUG_INFO = INCLUDE_SOURCE;
				MTL_FAST_MATH = YES;
				ONLY_ACTIVE_ARCH = YES;
				SDKROOT = iphoneos;
				SWIFT_ACTIVE_COMPILATION_CONDITIONS = DEBUG;
				SWIFT_OPTIMIZATION_LEVEL = "-Onone";
			};
			name = Debug;
		};
		41778CB229F4BF4000088E14 /* Release */ = {
			isa = XCBuildConfiguration;
			buildSettings = {
				ALWAYS_SEARCH_USER_PATHS = NO;
				CLANG_ANALYZER_NONNULL = YES;
				CLANG_ANALYZER_NUMBER_OBJECT_CONVERSION = YES_AGGRESSIVE;
				CLANG_CXX_LANGUAGE_STANDARD = "gnu++20";
				CLANG_ENABLE_MODULES = YES;
				CLANG_ENABLE_OBJC_ARC = YES;
				CLANG_ENABLE_OBJC_WEAK = YES;
				CLANG_WARN_BLOCK_CAPTURE_AUTORELEASING = YES;
				CLANG_WARN_BOOL_CONVERSION = YES;
				CLANG_WARN_COMMA = YES;
				CLANG_WARN_CONSTANT_CONVERSION = YES;
				CLANG_WARN_DEPRECATED_OBJC_IMPLEMENTATIONS = YES;
				CLANG_WARN_DIRECT_OBJC_ISA_USAGE = YES_ERROR;
				CLANG_WARN_DOCUMENTATION_COMMENTS = YES;
				CLANG_WARN_EMPTY_BODY = YES;
				CLANG_WARN_ENUM_CONVERSION = YES;
				CLANG_WARN_INFINITE_RECURSION = YES;
				CLANG_WARN_INT_CONVERSION = YES;
				CLANG_WARN_NON_LITERAL_NULL_CONVERSION = YES;
				CLANG_WARN_OBJC_IMPLICIT_RETAIN_SELF = YES;
				CLANG_WARN_OBJC_LITERAL_CONVERSION = YES;
				CLANG_WARN_OBJC_ROOT_CLASS = YES_ERROR;
				CLANG_WARN_QUOTED_INCLUDE_IN_FRAMEWORK_HEADER = YES;
				CLANG_WARN_RANGE_LOOP_ANALYSIS = YES;
				CLANG_WARN_STRICT_PROTOTYPES = YES;
				CLANG_WARN_SUSPICIOUS_MOVE = YES;
				CLANG_WARN_UNGUARDED_AVAILABILITY = YES_AGGRESSIVE;
				CLANG_WARN_UNREACHABLE_CODE = YES;
				CLANG_WARN__DUPLICATE_METHOD_MATCH = YES;
				COPY_PHASE_STRIP = NO;
				DEBUG_INFORMATION_FORMAT = "dwarf-with-dsym";
				ENABLE_NS_ASSERTIONS = NO;
				ENABLE_STRICT_OBJC_MSGSEND = YES;
				GCC_C_LANGUAGE_STANDARD = gnu11;
				GCC_NO_COMMON_BLOCKS = YES;
				GCC_WARN_64_TO_32_BIT_CONVERSION = YES;
				GCC_WARN_ABOUT_RETURN_TYPE = YES_ERROR;
				GCC_WARN_UNDECLARED_SELECTOR = YES;
				GCC_WARN_UNINITIALIZED_AUTOS = YES_AGGRESSIVE;
				GCC_WARN_UNUSED_FUNCTION = YES;
				GCC_WARN_UNUSED_VARIABLE = YES;
				IPHONEOS_DEPLOYMENT_TARGET = 16.0;
				MTL_ENABLE_DEBUG_INFO = NO;
				MTL_FAST_MATH = YES;
				SDKROOT = iphoneos;
				SWIFT_COMPILATION_MODE = wholemodule;
				SWIFT_OPTIMIZATION_LEVEL = "-O";
				VALIDATE_PRODUCT = YES;
			};
			name = Release;
		};
		41778CB429F4BF4000088E14 /* Debug */ = {
			isa = XCBuildConfiguration;
			buildSettings = {
				ASSETCATALOG_COMPILER_APPICON_NAME = AppIcon;
				ASSETCATALOG_COMPILER_GLOBAL_ACCENT_COLOR_NAME = AccentColor;
				CODE_SIGN_STYLE = Automatic;
				CURRENT_PROJECT_VERSION = 1;
				DEVELOPMENT_ASSET_PATHS = "\"CatApp/Preview Content\"";
				ENABLE_PREVIEWS = YES;
				GENERATE_INFOPLIST_FILE = YES;
				INFOPLIST_KEY_UIApplicationSceneManifest_Generation = YES;
				INFOPLIST_KEY_UIApplicationSupportsIndirectInputEvents = YES;
				INFOPLIST_KEY_UILaunchScreen_Generation = YES;
				INFOPLIST_KEY_UISupportedInterfaceOrientations_iPad = "UIInterfaceOrientationPortrait UIInterfaceOrientationPortraitUpsideDown UIInterfaceOrientationLandscapeLeft UIInterfaceOrientationLandscapeRight";
				INFOPLIST_KEY_UISupportedInterfaceOrientations_iPhone = "UIInterfaceOrientationPortrait UIInterfaceOrientationLandscapeLeft UIInterfaceOrientationLandscapeRight";
				LD_RUNPATH_SEARCH_PATHS = (
					"$(inherited)",
					"@executable_path/Frameworks",
				);
				MARKETING_VERSION = 1.0;
				PRODUCT_BUNDLE_IDENTIFIER = engell.CatApp;
				PRODUCT_NAME = "$(TARGET_NAME)";
				SWIFT_EMIT_LOC_STRINGS = YES;
				SWIFT_VERSION = 5.0;
				TARGETED_DEVICE_FAMILY = "1,2";
			};
			name = Debug;
		};
		41778CB529F4BF4000088E14 /* Release */ = {
			isa = XCBuildConfiguration;
			buildSettings = {
				ASSETCATALOG_COMPILER_APPICON_NAME = AppIcon;
				ASSETCATALOG_COMPILER_GLOBAL_ACCENT_COLOR_NAME = AccentColor;
				CODE_SIGN_STYLE = Automatic;
				CURRENT_PROJECT_VERSION = 1;
				DEVELOPMENT_ASSET_PATHS = "\"CatApp/Preview Content\"";
				ENABLE_PREVIEWS = YES;
				GENERATE_INFOPLIST_FILE = YES;
				INFOPLIST_KEY_UIApplicationSceneManifest_Generation = YES;
				INFOPLIST_KEY_UIApplicationSupportsIndirectInputEvents = YES;
				INFOPLIST_KEY_UILaunchScreen_Generation = YES;
				INFOPLIST_KEY_UISupportedInterfaceOrientations_iPad = "UIInterfaceOrientationPortrait UIInterfaceOrientationPortraitUpsideDown UIInterfaceOrientationLandscapeLeft UIInterfaceOrientationLandscapeRight";
				INFOPLIST_KEY_UISupportedInterfaceOrientations_iPhone = "UIInterfaceOrientationPortrait UIInterfaceOrientationLandscapeLeft UIInterfaceOrientationLandscapeRight";
				LD_RUNPATH_SEARCH_PATHS = (
					"$(inherited)",
					"@executable_path/Frameworks",
				);
				MARKETING_VERSION = 1.0;
				PRODUCT_BUNDLE_IDENTIFIER = engell.CatApp;
				PRODUCT_NAME = "$(TARGET_NAME)";
				SWIFT_EMIT_LOC_STRINGS = YES;
				SWIFT_VERSION = 5.0;
				TARGETED_DEVICE_FAMILY = "1,2";
			};
			name = Release;
		};
/* End XCBuildConfiguration section */

/* Begin XCConfigurationList section */
		41778CA029F4BF3F00088E14 /* Build configuration list for PBXProject "CatApp" */ = {
			isa = XCConfigurationList;
			buildConfigurations = (
				41778CB129F4BF4000088E14 /* Debug */,
				41778CB229F4BF4000088E14 /* Release */,
			);
			defaultConfigurationIsVisible = 0;
			defaultConfigurationName = Release;
		};
		41778CB329F4BF4000088E14 /* Build configuration list for PBXNativeTarget "CatApp" */ = {
			isa = XCConfigurationList;
			buildConfigurations = (
				41778CB429F4BF4000088E14 /* Debug */,
				41778CB529F4BF4000088E14 /* Release */,
			);
			defaultConfigurationIsVisible = 0;
			defaultConfigurationName = Release;
		};
/* End XCConfigurationList section */
	};
	rootObject = 41778C9D29F4BF3F00088E14 /* Project object */;
}
